
Microsoft Visual Studio Solution File, Format Version 12.00
# Visual Studio Version 16
VisualStudioVersion = 16.0.30717.126
MinimumVisualStudioVersion = 10.0.40219.1
Project("{2150E333-8FDC-42A3-9474-1A3956D46DE8}") = "Parcial I", "Parcial I", "{8F948638-4C54-4874-A7DB-084DBB43C486}"
EndProject
Project("{2150E333-8FDC-42A3-9474-1A3956D46DE8}") = "Parcial II", "Parcial II", "{BDD42189-D485-4EB4-A590-BB85BF164029}"
EndProject
Project("{2150E333-8FDC-42A3-9474-1A3956D46DE8}") = "Parcial III", "Parcial III", "{0E7EAF81-D5A9-4103-8315-9EEF52EA4267}"
EndProject
Project("{8BC9CEB8-8B4A-11D0-8D11-00A0C91BC942}") = "Actividad 4 - Pilas", "Pilas\Pilas.vcxproj", "{97CAA2C9-2868-4457-83A4-1A7C9C8D2E49}"
EndProject
Project("{8BC9CEB8-8B4A-11D0-8D11-00A0C91BC942}") = "Actividad 6 - Colas", "Colas\Colas.vcxproj", "{B93A2528-B43A-4218-A368-8F8053039E60}"
EndProject
Project("{8BC9CEB8-8B4A-11D0-8D11-00A0C91BC942}") = "Actividad 3 - Arreglos", "Actividad 3 - Arreglos\Actividad 3 - Arreglos.vcxproj", "{150E7358-E8DE-4538-B142-31BAB1751A9F}"
EndProject
Project("{8BC9CEB8-8B4A-11D0-8D11-00A0C91BC942}") = "Arreglo_letras", "Arreglo_letras\Arreglo_letras.vcxproj", "{F81A572B-A8BA-4CE6-B887-1A315EFB3BBD}"
EndProject
Project("{8BC9CEB8-8B4A-11D0-8D11-00A0C91BC942}") = "Actividad 5 - Matriz", "Actividad 5 - Matriz\Actividad 5 - Matriz.vcxproj", "{309E7B4A-E67B-485C-A65E-06A7547BA2E3}"
EndProject
Project("{8BC9CEB8-8B4A-11D0-8D11-00A0C91BC942}") = "Guia 1 - Pilas y colas", "Guia 1 - Pilas y colas\Guia 1 - Pilas y colas.vcxproj", "{1F74399E-6363-4CD4-9CC9-66C863A01680}"
EndProject
Project("{8BC9CEB8-8B4A-11D0-8D11-00A0C91BC942}") = "E1 - Parcial I", "E1 - Parcial I\E1 - Parcial I.vcxproj", "{544DFD8F-2004-4462-BBA9-59793F4E060F}"
EndProject
Project("{8BC9CEB8-8B4A-11D0-8D11-00A0C91BC942}") = "Actividad 1 - Lista", "Actividad 1 - Lista\Actividad 1 - Lista.vcxproj", "{29ACB81E-0AC6-439E-B87D-BAE04D7CBE7B}"
EndProject
Project("{8BC9CEB8-8B4A-11D0-8D11-00A0C91BC942}") = "Actividad 3 - Lista Avanzada", "Actividad 3 - Lista Avanzada\Actividad 3 - Lista Avanzada.vcxproj", "{C0B3E097-4BD6-4E79-98EE-29C293A8AD8C}"
EndProject
Project("{8BC9CEB8-8B4A-11D0-8D11-00A0C91BC942}") = "Actividad 2 - Documentacion", "Actividad 2 - Documentacion\Actividad 2 - Documentacion.vcxproj", "{4BCE3687-1CC4-4839-A844-BBE0B5FB7F25}"
EndProject
Project("{8BC9CEB8-8B4A-11D0-8D11-00A0C91BC942}") = "E2 - Lista doblemente enlazada", "E2 - Lista doblemente enlazada\E2 - Lista doblemente enlazada.vcxproj", "{11C61282-3C76-4F90-8789-A805B4AC549D}"
EndProject
Project("{8BC9CEB8-8B4A-11D0-8D11-00A0C91BC942}") = "Guia - Parcial II - Agenda", "Guia - Parcial II - Agenda\Guia - Parcial II - Agenda.vcxproj", "{2E1E6B87-AB13-41C1-BD4E-0601921F6AE7}"
EndProject
Project("{8BC9CEB8-8B4A-11D0-8D11-00A0C91BC942}") = "Examen Parcial II - Banco", "Examen Parcial II - Banco\Examen Parcial II - Banco.vcxproj", "{06025D90-9805-4191-82D0-2E5821CD03CE}"
EndProject
Project("{8BC9CEB8-8B4A-11D0-8D11-00A0C91BC942}") = "BinaryTree", "BinaryTree\BinaryTree.vcxproj", "{5675EB1F-8EAD-4C6F-927B-A2E4AA42474B}"
EndProject
Project("{8BC9CEB8-8B4A-11D0-8D11-00A0C91BC942}") = "Arbol Binario Consola", "Arbol Binario Consola\Arbol Binario Consola.vcxproj", "{6EE46705-0A21-4850-B7E1-879514E0F686}"
EndProject
Project("{8BC9CEB8-8B4A-11D0-8D11-00A0C91BC942}") = "Proyecto FInal", "Proyecto FInal\Proyecto FInal.vcxproj", "{896ACFFD-7204-4A60-85BB-6B8CD56E0A51}"
EndProject
Project("{8BC9CEB8-8B4A-11D0-8D11-00A0C91BC942}") = "Grafo", "Grafo\Grafo.vcxproj", "{053143F1-2957-4E0E-A3EB-33B08CD5F4CE}"
EndProject
Global
	GlobalSection(SolutionConfigurationPlatforms) = preSolution
		Debug|Any CPU = Debug|Any CPU
		Debug|x64 = Debug|x64
		Debug|x86 = Debug|x86
		Release|Any CPU = Release|Any CPU
		Release|x64 = Release|x64
		Release|x86 = Release|x86
	EndGlobalSection
	GlobalSection(ProjectConfigurationPlatforms) = postSolution
		{97CAA2C9-2868-4457-83A4-1A7C9C8D2E49}.Debug|Any CPU.ActiveCfg = Debug|Win32
		{97CAA2C9-2868-4457-83A4-1A7C9C8D2E49}.Debug|x64.ActiveCfg = Debug|x64
		{97CAA2C9-2868-4457-83A4-1A7C9C8D2E49}.Debug|x64.Build.0 = Debug|x64
		{97CAA2C9-2868-4457-83A4-1A7C9C8D2E49}.Debug|x86.ActiveCfg = Debug|Win32
		{97CAA2C9-2868-4457-83A4-1A7C9C8D2E49}.Debug|x86.Build.0 = Debug|Win32
		{97CAA2C9-2868-4457-83A4-1A7C9C8D2E49}.Release|Any CPU.ActiveCfg = Release|Win32
		{97CAA2C9-2868-4457-83A4-1A7C9C8D2E49}.Release|x64.ActiveCfg = Release|x64
		{97CAA2C9-2868-4457-83A4-1A7C9C8D2E49}.Release|x64.Build.0 = Release|x64
		{97CAA2C9-2868-4457-83A4-1A7C9C8D2E49}.Release|x86.ActiveCfg = Release|Win32
		{97CAA2C9-2868-4457-83A4-1A7C9C8D2E49}.Release|x86.Build.0 = Release|Win32
		{B93A2528-B43A-4218-A368-8F8053039E60}.Debug|Any CPU.ActiveCfg = Debug|Win32
		{B93A2528-B43A-4218-A368-8F8053039E60}.Debug|x64.ActiveCfg = Debug|x64
		{B93A2528-B43A-4218-A368-8F8053039E60}.Debug|x64.Build.0 = Debug|x64
		{B93A2528-B43A-4218-A368-8F8053039E60}.Debug|x86.ActiveCfg = Debug|Win32
		{B93A2528-B43A-4218-A368-8F8053039E60}.Debug|x86.Build.0 = Debug|Win32
		{B93A2528-B43A-4218-A368-8F8053039E60}.Release|Any CPU.ActiveCfg = Release|Win32
		{B93A2528-B43A-4218-A368-8F8053039E60}.Release|x64.ActiveCfg = Release|x64
		{B93A2528-B43A-4218-A368-8F8053039E60}.Release|x64.Build.0 = Release|x64
		{B93A2528-B43A-4218-A368-8F8053039E60}.Release|x86.ActiveCfg = Release|Win32
		{B93A2528-B43A-4218-A368-8F8053039E60}.Release|x86.Build.0 = Release|Win32
		{150E7358-E8DE-4538-B142-31BAB1751A9F}.Debug|Any CPU.ActiveCfg = Debug|Win32
		{150E7358-E8DE-4538-B142-31BAB1751A9F}.Debug|x64.ActiveCfg = Debug|x64
		{150E7358-E8DE-4538-B142-31BAB1751A9F}.Debug|x64.Build.0 = Debug|x64
		{150E7358-E8DE-4538-B142-31BAB1751A9F}.Debug|x86.ActiveCfg = Debug|Win32
		{150E7358-E8DE-4538-B142-31BAB1751A9F}.Debug|x86.Build.0 = Debug|Win32
		{150E7358-E8DE-4538-B142-31BAB1751A9F}.Release|Any CPU.ActiveCfg = Release|Win32
		{150E7358-E8DE-4538-B142-31BAB1751A9F}.Release|x64.ActiveCfg = Release|x64
		{150E7358-E8DE-4538-B142-31BAB1751A9F}.Release|x64.Build.0 = Release|x64
		{150E7358-E8DE-4538-B142-31BAB1751A9F}.Release|x86.ActiveCfg = Release|Win32
		{150E7358-E8DE-4538-B142-31BAB1751A9F}.Release|x86.Build.0 = Release|Win32
		{F81A572B-A8BA-4CE6-B887-1A315EFB3BBD}.Debug|Any CPU.ActiveCfg = Debug|Win32
		{F81A572B-A8BA-4CE6-B887-1A315EFB3BBD}.Debug|x64.ActiveCfg = Debug|x64
		{F81A572B-A8BA-4CE6-B887-1A315EFB3BBD}.Debug|x64.Build.0 = Debug|x64
		{F81A572B-A8BA-4CE6-B887-1A315EFB3BBD}.Debug|x86.ActiveCfg = Debug|Win32
		{F81A572B-A8BA-4CE6-B887-1A315EFB3BBD}.Debug|x86.Build.0 = Debug|Win32
		{F81A572B-A8BA-4CE6-B887-1A315EFB3BBD}.Release|Any CPU.ActiveCfg = Release|Win32
		{F81A572B-A8BA-4CE6-B887-1A315EFB3BBD}.Release|x64.ActiveCfg = Release|x64
		{F81A572B-A8BA-4CE6-B887-1A315EFB3BBD}.Release|x64.Build.0 = Release|x64
		{F81A572B-A8BA-4CE6-B887-1A315EFB3BBD}.Release|x86.ActiveCfg = Release|Win32
		{F81A572B-A8BA-4CE6-B887-1A315EFB3BBD}.Release|x86.Build.0 = Release|Win32
		{309E7B4A-E67B-485C-A65E-06A7547BA2E3}.Debug|Any CPU.ActiveCfg = Debug|Win32
		{309E7B4A-E67B-485C-A65E-06A7547BA2E3}.Debug|x64.ActiveCfg = Debug|x64
		{309E7B4A-E67B-485C-A65E-06A7547BA2E3}.Debug|x64.Build.0 = Debug|x64
		{309E7B4A-E67B-485C-A65E-06A7547BA2E3}.Debug|x86.ActiveCfg = Debug|Win32
		{309E7B4A-E67B-485C-A65E-06A7547BA2E3}.Debug|x86.Build.0 = Debug|Win32
		{309E7B4A-E67B-485C-A65E-06A7547BA2E3}.Release|Any CPU.ActiveCfg = Release|Win32
		{309E7B4A-E67B-485C-A65E-06A7547BA2E3}.Release|x64.ActiveCfg = Release|x64
		{309E7B4A-E67B-485C-A65E-06A7547BA2E3}.Release|x64.Build.0 = Release|x64
		{309E7B4A-E67B-485C-A65E-06A7547BA2E3}.Release|x86.ActiveCfg = Release|Win32
		{309E7B4A-E67B-485C-A65E-06A7547BA2E3}.Release|x86.Build.0 = Release|Win32
		{1F74399E-6363-4CD4-9CC9-66C863A01680}.Debug|Any CPU.ActiveCfg = Debug|Win32
		{1F74399E-6363-4CD4-9CC9-66C863A01680}.Debug|x64.ActiveCfg = Debug|x64
		{1F74399E-6363-4CD4-9CC9-66C863A01680}.Debug|x64.Build.0 = Debug|x64
		{1F74399E-6363-4CD4-9CC9-66C863A01680}.Debug|x86.ActiveCfg = Debug|Win32
		{1F74399E-6363-4CD4-9CC9-66C863A01680}.Debug|x86.Build.0 = Debug|Win32
		{1F74399E-6363-4CD4-9CC9-66C863A01680}.Release|Any CPU.ActiveCfg = Release|Win32
		{1F74399E-6363-4CD4-9CC9-66C863A01680}.Release|x64.ActiveCfg = Release|x64
		{1F74399E-6363-4CD4-9CC9-66C863A01680}.Release|x64.Build.0 = Release|x64
		{1F74399E-6363-4CD4-9CC9-66C863A01680}.Release|x86.ActiveCfg = Release|Win32
		{1F74399E-6363-4CD4-9CC9-66C863A01680}.Release|x86.Build.0 = Release|Win32
		{544DFD8F-2004-4462-BBA9-59793F4E060F}.Debug|Any CPU.ActiveCfg = Debug|Win32
		{544DFD8F-2004-4462-BBA9-59793F4E060F}.Debug|x64.ActiveCfg = Debug|x64
		{544DFD8F-2004-4462-BBA9-59793F4E060F}.Debug|x64.Build.0 = Debug|x64
		{544DFD8F-2004-4462-BBA9-59793F4E060F}.Debug|x86.ActiveCfg = Debug|Win32
		{544DFD8F-2004-4462-BBA9-59793F4E060F}.Debug|x86.Build.0 = Debug|Win32
		{544DFD8F-2004-4462-BBA9-59793F4E060F}.Release|Any CPU.ActiveCfg = Release|Win32
		{544DFD8F-2004-4462-BBA9-59793F4E060F}.Release|x64.ActiveCfg = Release|x64
		{544DFD8F-2004-4462-BBA9-59793F4E060F}.Release|x64.Build.0 = Release|x64
		{544DFD8F-2004-4462-BBA9-59793F4E060F}.Release|x86.ActiveCfg = Release|Win32
		{544DFD8F-2004-4462-BBA9-59793F4E060F}.Release|x86.Build.0 = Release|Win32
		{29ACB81E-0AC6-439E-B87D-BAE04D7CBE7B}.Debug|Any CPU.ActiveCfg = Debug|Win32
		{29ACB81E-0AC6-439E-B87D-BAE04D7CBE7B}.Debug|x64.ActiveCfg = Debug|x64
		{29ACB81E-0AC6-439E-B87D-BAE04D7CBE7B}.Debug|x64.Build.0 = Debug|x64
		{29ACB81E-0AC6-439E-B87D-BAE04D7CBE7B}.Debug|x86.ActiveCfg = Debug|Win32
		{29ACB81E-0AC6-439E-B87D-BAE04D7CBE7B}.Debug|x86.Build.0 = Debug|Win32
		{29ACB81E-0AC6-439E-B87D-BAE04D7CBE7B}.Release|Any CPU.ActiveCfg = Release|Win32
		{29ACB81E-0AC6-439E-B87D-BAE04D7CBE7B}.Release|x64.ActiveCfg = Release|x64
		{29ACB81E-0AC6-439E-B87D-BAE04D7CBE7B}.Release|x64.Build.0 = Release|x64
		{29ACB81E-0AC6-439E-B87D-BAE04D7CBE7B}.Release|x86.ActiveCfg = Release|Win32
		{29ACB81E-0AC6-439E-B87D-BAE04D7CBE7B}.Release|x86.Build.0 = Release|Win32
		{C0B3E097-4BD6-4E79-98EE-29C293A8AD8C}.Debug|Any CPU.ActiveCfg = Debug|Win32
		{C0B3E097-4BD6-4E79-98EE-29C293A8AD8C}.Debug|x64.ActiveCfg = Debug|x64
		{C0B3E097-4BD6-4E79-98EE-29C293A8AD8C}.Debug|x64.Build.0 = Debug|x64
		{C0B3E097-4BD6-4E79-98EE-29C293A8AD8C}.Debug|x86.ActiveCfg = Debug|Win32
		{C0B3E097-4BD6-4E79-98EE-29C293A8AD8C}.Debug|x86.Build.0 = Debug|Win32
		{C0B3E097-4BD6-4E79-98EE-29C293A8AD8C}.Release|Any CPU.ActiveCfg = Release|Win32
		{C0B3E097-4BD6-4E79-98EE-29C293A8AD8C}.Release|x64.ActiveCfg = Release|x64
		{C0B3E097-4BD6-4E79-98EE-29C293A8AD8C}.Release|x64.Build.0 = Release|x64
		{C0B3E097-4BD6-4E79-98EE-29C293A8AD8C}.Release|x86.ActiveCfg = Release|Win32
		{C0B3E097-4BD6-4E79-98EE-29C293A8AD8C}.Release|x86.Build.0 = Release|Win32
		{4BCE3687-1CC4-4839-A844-BBE0B5FB7F25}.Debug|Any CPU.ActiveCfg = Debug|Win32
		{4BCE3687-1CC4-4839-A844-BBE0B5FB7F25}.Debug|x64.ActiveCfg = Debug|x64
		{4BCE3687-1CC4-4839-A844-BBE0B5FB7F25}.Debug|x64.Build.0 = Debug|x64
		{4BCE3687-1CC4-4839-A844-BBE0B5FB7F25}.Debug|x86.ActiveCfg = Debug|Win32
		{4BCE3687-1CC4-4839-A844-BBE0B5FB7F25}.Debug|x86.Build.0 = Debug|Win32
		{4BCE3687-1CC4-4839-A844-BBE0B5FB7F25}.Release|Any CPU.ActiveCfg = Release|Win32
		{4BCE3687-1CC4-4839-A844-BBE0B5FB7F25}.Release|x64.ActiveCfg = Release|x64
		{4BCE3687-1CC4-4839-A844-BBE0B5FB7F25}.Release|x64.Build.0 = Release|x64
		{4BCE3687-1CC4-4839-A844-BBE0B5FB7F25}.Release|x86.ActiveCfg = Release|Win32
		{4BCE3687-1CC4-4839-A844-BBE0B5FB7F25}.Release|x86.Build.0 = Release|Win32
		{11C61282-3C76-4F90-8789-A805B4AC549D}.Debug|Any CPU.ActiveCfg = Debug|Win32
		{11C61282-3C76-4F90-8789-A805B4AC549D}.Debug|x64.ActiveCfg = Debug|x64
		{11C61282-3C76-4F90-8789-A805B4AC549D}.Debug|x64.Build.0 = Debug|x64
		{11C61282-3C76-4F90-8789-A805B4AC549D}.Debug|x86.ActiveCfg = Debug|Win32
		{11C61282-3C76-4F90-8789-A805B4AC549D}.Debug|x86.Build.0 = Debug|Win32
		{11C61282-3C76-4F90-8789-A805B4AC549D}.Release|Any CPU.ActiveCfg = Release|Win32
		{11C61282-3C76-4F90-8789-A805B4AC549D}.Release|x64.ActiveCfg = Release|x64
		{11C61282-3C76-4F90-8789-A805B4AC549D}.Release|x64.Build.0 = Release|x64
		{11C61282-3C76-4F90-8789-A805B4AC549D}.Release|x86.ActiveCfg = Release|Win32
		{11C61282-3C76-4F90-8789-A805B4AC549D}.Release|x86.Build.0 = Release|Win32
		{2E1E6B87-AB13-41C1-BD4E-0601921F6AE7}.Debug|Any CPU.ActiveCfg = Debug|Win32
		{2E1E6B87-AB13-41C1-BD4E-0601921F6AE7}.Debug|x64.ActiveCfg = Debug|x64
		{2E1E6B87-AB13-41C1-BD4E-0601921F6AE7}.Debug|x64.Build.0 = Debug|x64
		{2E1E6B87-AB13-41C1-BD4E-0601921F6AE7}.Debug|x86.ActiveCfg = Debug|Win32
		{2E1E6B87-AB13-41C1-BD4E-0601921F6AE7}.Debug|x86.Build.0 = Debug|Win32
		{2E1E6B87-AB13-41C1-BD4E-0601921F6AE7}.Release|Any CPU.ActiveCfg = Release|Win32
		{2E1E6B87-AB13-41C1-BD4E-0601921F6AE7}.Release|x64.ActiveCfg = Release|x64
		{2E1E6B87-AB13-41C1-BD4E-0601921F6AE7}.Release|x64.Build.0 = Release|x64
		{2E1E6B87-AB13-41C1-BD4E-0601921F6AE7}.Release|x86.ActiveCfg = Release|Win32
		{2E1E6B87-AB13-41C1-BD4E-0601921F6AE7}.Release|x86.Build.0 = Release|Win32
		{06025D90-9805-4191-82D0-2E5821CD03CE}.Debug|Any CPU.ActiveCfg = Debug|Win32
		{06025D90-9805-4191-82D0-2E5821CD03CE}.Debug|x64.ActiveCfg = Debug|x64
		{06025D90-9805-4191-82D0-2E5821CD03CE}.Debug|x64.Build.0 = Debug|x64
		{06025D90-9805-4191-82D0-2E5821CD03CE}.Debug|x86.ActiveCfg = Debug|Win32
		{06025D90-9805-4191-82D0-2E5821CD03CE}.Debug|x86.Build.0 = Debug|Win32
		{06025D90-9805-4191-82D0-2E5821CD03CE}.Release|Any CPU.ActiveCfg = Release|Win32
		{06025D90-9805-4191-82D0-2E5821CD03CE}.Release|x64.ActiveCfg = Release|x64
		{06025D90-9805-4191-82D0-2E5821CD03CE}.Release|x64.Build.0 = Release|x64
		{06025D90-9805-4191-82D0-2E5821CD03CE}.Release|x86.ActiveCfg = Release|Win32
		{06025D90-9805-4191-82D0-2E5821CD03CE}.Release|x86.Build.0 = Release|Win32
		{5675EB1F-8EAD-4C6F-927B-A2E4AA42474B}.Debug|Any CPU.ActiveCfg = Debug|Win32
		{5675EB1F-8EAD-4C6F-927B-A2E4AA42474B}.Debug|x64.ActiveCfg = Debug|x64
		{5675EB1F-8EAD-4C6F-927B-A2E4AA42474B}.Debug|x64.Build.0 = Debug|x64
		{5675EB1F-8EAD-4C6F-927B-A2E4AA42474B}.Debug|x86.ActiveCfg = Debug|Win32
		{5675EB1F-8EAD-4C6F-927B-A2E4AA42474B}.Debug|x86.Build.0 = Debug|Win32
		{5675EB1F-8EAD-4C6F-927B-A2E4AA42474B}.Release|Any CPU.ActiveCfg = Release|Win32
		{5675EB1F-8EAD-4C6F-927B-A2E4AA42474B}.Release|x64.ActiveCfg = Release|x64
		{5675EB1F-8EAD-4C6F-927B-A2E4AA42474B}.Release|x64.Build.0 = Release|x64
		{5675EB1F-8EAD-4C6F-927B-A2E4AA42474B}.Release|x86.ActiveCfg = Release|Win32
		{5675EB1F-8EAD-4C6F-927B-A2E4AA42474B}.Release|x86.Build.0 = Release|Win32
		{6EE46705-0A21-4850-B7E1-879514E0F686}.Debug|Any CPU.ActiveCfg = Debug|Win32
		{6EE46705-0A21-4850-B7E1-879514E0F686}.Debug|x64.ActiveCfg = Debug|x64
		{6EE46705-0A21-4850-B7E1-879514E0F686}.Debug|x64.Build.0 = Debug|x64
		{6EE46705-0A21-4850-B7E1-879514E0F686}.Debug|x86.ActiveCfg = Debug|Win32
		{6EE46705-0A21-4850-B7E1-879514E0F686}.Debug|x86.Build.0 = Debug|Win32
		{6EE46705-0A21-4850-B7E1-879514E0F686}.Release|Any CPU.ActiveCfg = Release|Win32
		{6EE46705-0A21-4850-B7E1-879514E0F686}.Release|x64.ActiveCfg = Release|x64
		{6EE46705-0A21-4850-B7E1-879514E0F686}.Release|x64.Build.0 = Release|x64
		{6EE46705-0A21-4850-B7E1-879514E0F686}.Release|x86.ActiveCfg = Release|Win32
		{6EE46705-0A21-4850-B7E1-879514E0F686}.Release|x86.Build.0 = Release|Win32
		{896ACFFD-7204-4A60-85BB-6B8CD56E0A51}.Debug|Any CPU.ActiveCfg = Debug|Win32
		{896ACFFD-7204-4A60-85BB-6B8CD56E0A51}.Debug|x64.ActiveCfg = Debug|x64
		{896ACFFD-7204-4A60-85BB-6B8CD56E0A51}.Debug|x64.Build.0 = Debug|x64
		{896ACFFD-7204-4A60-85BB-6B8CD56E0A51}.Debug|x86.ActiveCfg = Debug|Win32
		{896ACFFD-7204-4A60-85BB-6B8CD56E0A51}.Debug|x86.Build.0 = Debug|Win32
		{896ACFFD-7204-4A60-85BB-6B8CD56E0A51}.Release|Any CPU.ActiveCfg = Release|Win32
		{896ACFFD-7204-4A60-85BB-6B8CD56E0A51}.Release|x64.ActiveCfg = Release|x64
		{896ACFFD-7204-4A60-85BB-6B8CD56E0A51}.Release|x64.Build.0 = Release|x64
		{896ACFFD-7204-4A60-85BB-6B8CD56E0A51}.Release|x86.ActiveCfg = Release|Win32
		{896ACFFD-7204-4A60-85BB-6B8CD56E0A51}.Release|x86.Build.0 = Release|Win32
		{053143F1-2957-4E0E-A3EB-33B08CD5F4CE}.Debug|Any CPU.ActiveCfg = Debug|Win32
		{053143F1-2957-4E0E-A3EB-33B08CD5F4CE}.Debug|x64.ActiveCfg = Debug|x64
		{053143F1-2957-4E0E-A3EB-33B08CD5F4CE}.Debug|x64.Build.0 = Debug|x64
		{053143F1-2957-4E0E-A3EB-33B08CD5F4CE}.Debug|x86.ActiveCfg = Debug|Win32
		{053143F1-2957-4E0E-A3EB-33B08CD5F4CE}.Debug|x86.Build.0 = Debug|Win32
		{053143F1-2957-4E0E-A3EB-33B08CD5F4CE}.Release|Any CPU.ActiveCfg = Release|Win32
		{053143F1-2957-4E0E-A3EB-33B08CD5F4CE}.Release|x64.ActiveCfg = Release|x64
		{053143F1-2957-4E0E-A3EB-33B08CD5F4CE}.Release|x64.Build.0 = Release|x64
		{053143F1-2957-4E0E-A3EB-33B08CD5F4CE}.Release|x86.ActiveCfg = Release|Win32
		{053143F1-2957-4E0E-A3EB-33B08CD5F4CE}.Release|x86.Build.0 = Release|Win32
	EndGlobalSection
	GlobalSection(SolutionProperties) = preSolution
		HideSolutionNode = FALSE
	EndGlobalSection
	GlobalSection(NestedProjects) = preSolution
		{97CAA2C9-2868-4457-83A4-1A7C9C8D2E49} = {8F948638-4C54-4874-A7DB-084DBB43C486}
		{B93A2528-B43A-4218-A368-8F8053039E60} = {8F948638-4C54-4874-A7DB-084DBB43C486}
		{150E7358-E8DE-4538-B142-31BAB1751A9F} = {8F948638-4C54-4874-A7DB-084DBB43C486}
		{F81A572B-A8BA-4CE6-B887-1A315EFB3BBD} = {8F948638-4C54-4874-A7DB-084DBB43C486}
		{309E7B4A-E67B-485C-A65E-06A7547BA2E3} = {8F948638-4C54-4874-A7DB-084DBB43C486}
		{1F74399E-6363-4CD4-9CC9-66C863A01680} = {8F948638-4C54-4874-A7DB-084DBB43C486}
		{544DFD8F-2004-4462-BBA9-59793F4E060F} = {8F948638-4C54-4874-A7DB-084DBB43C486}
		{29ACB81E-0AC6-439E-B87D-BAE04D7CBE7B} = {BDD42189-D485-4EB4-A590-BB85BF164029}
		{C0B3E097-4BD6-4E79-98EE-29C293A8AD8C} = {BDD42189-D485-4EB4-A590-BB85BF164029}
		{4BCE3687-1CC4-4839-A844-BBE0B5FB7F25} = {BDD42189-D485-4EB4-A590-BB85BF164029}
		{11C61282-3C76-4F90-8789-A805B4AC549D} = {BDD42189-D485-4EB4-A590-BB85BF164029}
		{2E1E6B87-AB13-41C1-BD4E-0601921F6AE7} = {BDD42189-D485-4EB4-A590-BB85BF164029}
		{06025D90-9805-4191-82D0-2E5821CD03CE} = {BDD42189-D485-4EB4-A590-BB85BF164029}
		{5675EB1F-8EAD-4C6F-927B-A2E4AA42474B} = {0E7EAF81-D5A9-4103-8315-9EEF52EA4267}
		{6EE46705-0A21-4850-B7E1-879514E0F686} = {0E7EAF81-D5A9-4103-8315-9EEF52EA4267}
		{896ACFFD-7204-4A60-85BB-6B8CD56E0A51} = {0E7EAF81-D5A9-4103-8315-9EEF52EA4267}
		{053143F1-2957-4E0E-A3EB-33B08CD5F4CE} = {0E7EAF81-D5A9-4103-8315-9EEF52EA4267}
	EndGlobalSection
	GlobalSection(ExtensibilityGlobals) = postSolution
		SolutionGuid = {06B15626-6763-423D-979B-D9CDB00E8A61}
	EndGlobalSection
EndGlobal
